
Microsoft Visual Studio Solution File, Format Version 12.00
# Visual Studio 14
VisualStudioVersion = 14.0.25420.1
MinimumVisualStudioVersion = 10.0.40219.1
Project("{FAE04EC0-301F-11D3-BF4B-00C04F79EFBC}") = "SportsStore.Domain", "SportsStore.Domain\SportsStore.Domain.csproj", "{DD4DEE72-0699-4B1D-A637-BB0D9AD8A687}"
EndProject
Project("{FAE04EC0-301F-11D3-BF4B-00C04F79EFBC}") = "SportsStore.WebUI", "SportsStore.WebUI\SportsStore.WebUI.csproj", "{0F67D5FF-ABF2-448A-891A-0BACD91F1A3E}"
EndProject
Project("{FAE04EC0-301F-11D3-BF4B-00C04F79EFBC}") = "SportsStore.UnitTests", "SportsStore.UnitTests\SportsStore.UnitTests.csproj", "{6BEB9889-C362-4450-9740-6080A179ED29}"
EndProject
Global
	GlobalSection(SolutionConfigurationPlatforms) = preSolution
		Debug|Any CPU = Debug|Any CPU
		Release|Any CPU = Release|Any CPU
	EndGlobalSection
	GlobalSection(ProjectConfigurationPlatforms) = postSolution
		{DD4DEE72-0699-4B1D-A637-BB0D9AD8A687}.Debug|Any CPU.ActiveCfg = Debug|Any CPU
		{DD4DEE72-0699-4B1D-A637-BB0D9AD8A687}.Debug|Any CPU.Build.0 = Debug|Any CPU
		{DD4DEE72-0699-4B1D-A637-BB0D9AD8A687}.Release|Any CPU.ActiveCfg = Release|Any CPU
		{DD4DEE72-0699-4B1D-A637-BB0D9AD8A687}.Release|Any CPU.Build.0 = Release|Any CPU
		{0F67D5FF-ABF2-448A-891A-0BACD91F1A3E}.Debug|Any CPU.ActiveCfg = Debug|Any CPU
		{0F67D5FF-ABF2-448A-891A-0BACD91F1A3E}.Debug|Any CPU.Build.0 = Debug|Any CPU
		{0F67D5FF-ABF2-448A-891A-0BACD91F1A3E}.Release|Any CPU.ActiveCfg = Release|Any CPU
		{0F67D5FF-ABF2-448A-891A-0BACD91F1A3E}.Release|Any CPU.Build.0 = Release|Any CPU
		{6BEB9889-C362-4450-9740-6080A179ED29}.Debug|Any CPU.ActiveCfg = Debug|Any CPU
		{6BEB9889-C362-4450-9740-6080A179ED29}.Debug|Any CPU.Build.0 = Debug|Any CPU
		{6BEB9889-C362-4450-9740-6080A179ED29}.Release|Any CPU.ActiveCfg = Release|Any CPU
		{6BEB9889-C362-4450-9740-6080A179ED29}.Release|Any CPU.Build.0 = Release|Any CPU
	EndGlobalSection
	GlobalSection(SolutionProperties) = preSolution
		HideSolutionNode = FALSE
	EndGlobalSection
EndGlobal
